// !$*UTF8*$!
{
	archiveVersion = 1;
	classes = {
	};
	objectVersion = 51;
	objects = {

/* Begin PBXBuildFile section */
		CE37D047240EB4BC00D85D49 /* AppDelegate.swift in Sources */ = {isa = PBXBuildFile; fileRef = CE37D046240EB4BC00D85D49 /* AppDelegate.swift */; };
		CE37D049240EB4BC00D85D49 /* SceneDelegate.swift in Sources */ = {isa = PBXBuildFile; fileRef = CE37D048240EB4BC00D85D49 /* SceneDelegate.swift */; };
		CE37D04B240EB4BC00D85D49 /* PlaceSearchViewController.swift in Sources */ = {isa = PBXBuildFile; fileRef = CE37D04A240EB4BC00D85D49 /* PlaceSearchViewController.swift */; };
		CE37D04E240EB4BC00D85D49 /* Main.storyboard in Resources */ = {isa = PBXBuildFile; fileRef = CE37D04C240EB4BC00D85D49 /* Main.storyboard */; };
		CE37D050240EB4BF00D85D49 /* Assets.xcassets in Resources */ = {isa = PBXBuildFile; fileRef = CE37D04F240EB4BF00D85D49 /* Assets.xcassets */; };
		CE37D053240EB4BF00D85D49 /* LaunchScreen.storyboard in Resources */ = {isa = PBXBuildFile; fileRef = CE37D051240EB4BF00D85D49 /* LaunchScreen.storyboard */; };
		CE37D05B240EB5BA00D85D49 /* PlacesClient.swift in Sources */ = {isa = PBXBuildFile; fileRef = CE37D05A240EB5BA00D85D49 /* PlacesClient.swift */; };
		CEF81B61240EC8D900235CFE /* Place.swift in Sources */ = {isa = PBXBuildFile; fileRef = CEF81B60240EC8D900235CFE /* Place.swift */; };
		CEF81B63240FA6D500235CFE /* Auth.swift in Sources */ = {isa = PBXBuildFile; fileRef = CEF81B62240FA6D500235CFE /* Auth.swift */; };
		CEF81B67240FB35900235CFE /* ResultsTableViewController.swift in Sources */ = {isa = PBXBuildFile; fileRef = CEF81B66240FB35900235CFE /* ResultsTableViewController.swift */; };
		CEF81B69240FB4CF00235CFE /* PlaceTableViewCell.swift in Sources */ = {isa = PBXBuildFile; fileRef = CEF81B68240FB4CF00235CFE /* PlaceTableViewCell.swift */; };
		DBABCD63A041B597A7F05AF9 /* Pods_Magic_Place_Search.framework in Frameworks */ = {isa = PBXBuildFile; fileRef = 86465F6AF0F37C9B4008402B /* Pods_Magic_Place_Search.framework */; };
/* End PBXBuildFile section */

/* Begin PBXFileReference section */
		573615AEE478E18B0622B9CA /* Pods-Magic Place Search.release.xcconfig */ = {isa = PBXFileReference; includeInIndex = 1; lastKnownFileType = text.xcconfig; name = "Pods-Magic Place Search.release.xcconfig"; path = "Target Support Files/Pods-Magic Place Search/Pods-Magic Place Search.release.xcconfig"; sourceTree = "<group>"; };
		86465F6AF0F37C9B4008402B /* Pods_Magic_Place_Search.framework */ = {isa = PBXFileReference; explicitFileType = wrapper.framework; includeInIndex = 0; path = Pods_Magic_Place_Search.framework; sourceTree = BUILT_PRODUCTS_DIR; };
		CA35493D619D411DE5753510 /* Pods-Magic Place Search.debug.xcconfig */ = {isa = PBXFileReference; includeInIndex = 1; lastKnownFileType = text.xcconfig; name = "Pods-Magic Place Search.debug.xcconfig"; path = "Target Support Files/Pods-Magic Place Search/Pods-Magic Place Search.debug.xcconfig"; sourceTree = "<group>"; };
		CE37D043240EB4BC00D85D49 /* Magic Place Search.app */ = {isa = PBXFileReference; explicitFileType = wrapper.application; includeInIndex = 0; path = "Magic Place Search.app"; sourceTree = BUILT_PRODUCTS_DIR; };
		CE37D046240EB4BC00D85D49 /* AppDelegate.swift */ = {isa = PBXFileReference; lastKnownFileType = sourcecode.swift; path = AppDelegate.swift; sourceTree = "<group>"; };
		CE37D048240EB4BC00D85D49 /* SceneDelegate.swift */ = {isa = PBXFileReference; lastKnownFileType = sourcecode.swift; path = SceneDelegate.swift; sourceTree = "<group>"; };
		CE37D04A240EB4BC00D85D49 /* PlaceSearchViewController.swift */ = {isa = PBXFileReference; lastKnownFileType = sourcecode.swift; path = PlaceSearchViewController.swift; sourceTree = "<group>"; };
		CE37D04D240EB4BC00D85D49 /* Base */ = {isa = PBXFileReference; lastKnownFileType = file.storyboard; name = Base; path = Base.lproj/Main.storyboard; sourceTree = "<group>"; };
		CE37D04F240EB4BF00D85D49 /* Assets.xcassets */ = {isa = PBXFileReference; lastKnownFileType = folder.assetcatalog; path = Assets.xcassets; sourceTree = "<group>"; };
		CE37D052240EB4BF00D85D49 /* Base */ = {isa = PBXFileReference; lastKnownFileType = file.storyboard; name = Base; path = Base.lproj/LaunchScreen.storyboard; sourceTree = "<group>"; };
		CE37D054240EB4BF00D85D49 /* Info.plist */ = {isa = PBXFileReference; lastKnownFileType = text.plist.xml; path = Info.plist; sourceTree = "<group>"; };
		CE37D05A240EB5BA00D85D49 /* PlacesClient.swift */ = {isa = PBXFileReference; lastKnownFileType = sourcecode.swift; path = PlacesClient.swift; sourceTree = "<group>"; };
		CEF81B60240EC8D900235CFE /* Place.swift */ = {isa = PBXFileReference; lastKnownFileType = sourcecode.swift; path = Place.swift; sourceTree = "<group>"; };
		CEF81B62240FA6D500235CFE /* Auth.swift */ = {isa = PBXFileReference; lastKnownFileType = sourcecode.swift; path = Auth.swift; sourceTree = "<group>"; };
		CEF81B66240FB35900235CFE /* ResultsTableViewController.swift */ = {isa = PBXFileReference; lastKnownFileType = sourcecode.swift; path = ResultsTableViewController.swift; sourceTree = "<group>"; };
		CEF81B68240FB4CF00235CFE /* PlaceTableViewCell.swift */ = {isa = PBXFileReference; lastKnownFileType = sourcecode.swift; path = PlaceTableViewCell.swift; sourceTree = "<group>"; };
/* End PBXFileReference section */

/* Begin PBXFrameworksBuildPhase section */
		CE37D040240EB4BC00D85D49 /* Frameworks */ = {
			isa = PBXFrameworksBuildPhase;
			buildActionMask = 2147483647;
			files = (
				DBABCD63A041B597A7F05AF9 /* Pods_Magic_Place_Search.framework in Frameworks */,
			);
			runOnlyForDeploymentPostprocessing = 0;
		};
/* End PBXFrameworksBuildPhase section */

/* Begin PBXGroup section */
		7192E7237BA1E1D1762F9DC2 /* Pods */ = {
			isa = PBXGroup;
			children = (
				CA35493D619D411DE5753510 /* Pods-Magic Place Search.debug.xcconfig */,
				573615AEE478E18B0622B9CA /* Pods-Magic Place Search.release.xcconfig */,
			);
			path = Pods;
			sourceTree = "<group>";
		};
		CE37D03A240EB4BC00D85D49 = {
			isa = PBXGroup;
			children = (
				CE37D045240EB4BC00D85D49 /* Magic Place Search */,
				CE37D044240EB4BC00D85D49 /* Products */,
				7192E7237BA1E1D1762F9DC2 /* Pods */,
				F2193062408D440481F7A3CF /* Frameworks */,
			);
			sourceTree = "<group>";
		};
		CE37D044240EB4BC00D85D49 /* Products */ = {
			isa = PBXGroup;
			children = (
				CE37D043240EB4BC00D85D49 /* Magic Place Search.app */,
			);
			name = Products;
			sourceTree = "<group>";
		};
		CE37D045240EB4BC00D85D49 /* Magic Place Search */ = {
			isa = PBXGroup;
			children = (
				CE37D046240EB4BC00D85D49 /* AppDelegate.swift */,
				CE37D048240EB4BC00D85D49 /* SceneDelegate.swift */,
				CE37D05C240EB5CE00D85D49 /* Model */,
				CEF81B6A241022C700235CFE /* Controllers */,
				CEF81B68240FB4CF00235CFE /* PlaceTableViewCell.swift */,
				CE37D04C240EB4BC00D85D49 /* Main.storyboard */,
				CE37D04F240EB4BF00D85D49 /* Assets.xcassets */,
				CE37D051240EB4BF00D85D49 /* LaunchScreen.storyboard */,
				CE37D054240EB4BF00D85D49 /* Info.plist */,
			);
			path = "Magic Place Search";
			sourceTree = "<group>";
		};
		CE37D05C240EB5CE00D85D49 /* Model */ = {
			isa = PBXGroup;
			children = (
				CEF81B62240FA6D500235CFE /* Auth.swift */,
				CE37D05A240EB5BA00D85D49 /* PlacesClient.swift */,
				CEF81B60240EC8D900235CFE /* Place.swift */,
			);
			path = Model;
			sourceTree = "<group>";
		};
		CEF81B6A241022C700235CFE /* Controllers */ = {
			isa = PBXGroup;
			children = (
				CE37D04A240EB4BC00D85D49 /* PlaceSearchViewController.swift */,
				CEF81B66240FB35900235CFE /* ResultsTableViewController.swift */,
			);
			path = Controllers;
			sourceTree = "<group>";
		};
		F2193062408D440481F7A3CF /* Frameworks */ = {
			isa = PBXGroup;
			children = (
				86465F6AF0F37C9B4008402B /* Pods_Magic_Place_Search.framework */,
			);
			name = Frameworks;
			sourceTree = "<group>";
		};
/* End PBXGroup section */

/* Begin PBXNativeTarget section */
		CE37D042240EB4BC00D85D49 /* Magic Place Search */ = {
			isa = PBXNativeTarget;
			buildConfigurationList = CE37D057240EB4BF00D85D49 /* Build configuration list for PBXNativeTarget "Magic Place Search" */;
			buildPhases = (
				36C55002E17E94C159D455B0 /* [CP] Check Pods Manifest.lock */,
				CE37D03F240EB4BC00D85D49 /* Sources */,
				CE37D040240EB4BC00D85D49 /* Frameworks */,
				CE37D041240EB4BC00D85D49 /* Resources */,
				A493361ABE76BE76EFA43594 /* [CP] Embed Pods Frameworks */,
			);
			buildRules = (
			);
			dependencies = (
			);
			name = "Magic Place Search";
			productName = "Magic Place Search";
			productReference = CE37D043240EB4BC00D85D49 /* Magic Place Search.app */;
			productType = "com.apple.product-type.application";
		};
/* End PBXNativeTarget section */

/* Begin PBXProject section */
		CE37D03B240EB4BC00D85D49 /* Project object */ = {
			isa = PBXProject;
			attributes = {
				LastSwiftUpdateCheck = 1130;
				LastUpgradeCheck = 1130;
				ORGANIZATIONNAME = "Sean Williams";
				TargetAttributes = {
					CE37D042240EB4BC00D85D49 = {
						CreatedOnToolsVersion = 11.3.1;
					};
				};
			};
			buildConfigurationList = CE37D03E240EB4BC00D85D49 /* Build configuration list for PBXProject "Magic Place Search" */;
			compatibilityVersion = "Xcode 9.3";
			developmentRegion = en;
			hasScannedForEncodings = 0;
			knownRegions = (
				en,
				Base,
			);
			mainGroup = CE37D03A240EB4BC00D85D49;
			productRefGroup = CE37D044240EB4BC00D85D49 /* Products */;
			projectDirPath = "";
			projectRoot = "";
			targets = (
				CE37D042240EB4BC00D85D49 /* Magic Place Search */,
			);
		};
/* End PBXProject section */

/* Begin PBXResourcesBuildPhase section */
		CE37D041240EB4BC00D85D49 /* Resources */ = {
			isa = PBXResourcesBuildPhase;
			buildActionMask = 2147483647;
			files = (
				CE37D053240EB4BF00D85D49 /* LaunchScreen.storyboard in Resources */,
				CE37D050240EB4BF00D85D49 /* Assets.xcassets in Resources */,
				CE37D04E240EB4BC00D85D49 /* Main.storyboard in Resources */,
			);
			runOnlyForDeploymentPostprocessing = 0;
		};
/* End PBXResourcesBuildPhase section */

/* Begin PBXShellScriptBuildPhase section */
		36C55002E17E94C159D455B0 /* [CP] Check Pods Manifest.lock */ = {
			isa = PBXShellScriptBuildPhase;
			buildActionMask = 2147483647;
			files = (
			);
			inputFileListPaths = (
			);
			inputPaths = (
				"${PODS_PODFILE_DIR_PATH}/Podfile.lock",
				"${PODS_ROOT}/Manifest.lock",
			);
			name = "[CP] Check Pods Manifest.lock";
			outputFileListPaths = (
			);
			outputPaths = (
				"$(DERIVED_FILE_DIR)/Pods-Magic Place Search-checkManifestLockResult.txt",
			);
			runOnlyForDeploymentPostprocessing = 0;
			shellPath = /bin/sh;
			shellScript = "diff \"${PODS_PODFILE_DIR_PATH}/Podfile.lock\" \"${PODS_ROOT}/Manifest.lock\" > /dev/null\nif [ $? != 0 ] ; then\n    # print error to STDERR\n    echo \"error: The sandbox is not in sync with the Podfile.lock. Run 'pod install' or update your CocoaPods installation.\" >&2\n    exit 1\nfi\n# This output is used by Xcode 'outputs' to avoid re-running this script phase.\necho \"SUCCESS\" > \"${SCRIPT_OUTPUT_FILE_0}\"\n";
			showEnvVarsInLog = 0;
		};
		A493361ABE76BE76EFA43594 /* [CP] Embed Pods Frameworks */ = {
			isa = PBXShellScriptBuildPhase;
			buildActionMask = 2147483647;
			files = (
			);
			inputFileListPaths = (
				"${PODS_ROOT}/Target Support Files/Pods-Magic Place Search/Pods-Magic Place Search-frameworks-${CONFIGURATION}-input-files.xcfilelist",
			);
			name = "[CP] Embed Pods Frameworks";
			outputFileListPaths = (
				"${PODS_ROOT}/Target Support Files/Pods-Magic Place Search/Pods-Magic Place Search-frameworks-${CONFIGURATION}-output-files.xcfilelist",
			);
			runOnlyForDeploymentPostprocessing = 0;
			shellPath = /bin/sh;
			shellScript = "\"${PODS_ROOT}/Target Support Files/Pods-Magic Place Search/Pods-Magic Place Search-frameworks.sh\"\n";
			showEnvVarsInLog = 0;
		};
/* End PBXShellScriptBuildPhase section */

/* Begin PBXSourcesBuildPhase section */
		CE37D03F240EB4BC00D85D49 /* Sources */ = {
			isa = PBXSourcesBuildPhase;
			buildActionMask = 2147483647;
			files = (
				CE37D05B240EB5BA00D85D49 /* PlacesClient.swift in Sources */,
				CEF81B67240FB35900235CFE /* ResultsTableViewController.swift in Sources */,
				CEF81B61240EC8D900235CFE /* Place.swift in Sources */,
				CEF81B69240FB4CF00235CFE /* PlaceTableViewCell.swift in Sources */,
				CE37D04B240EB4BC00D85D49 /* PlaceSearchViewController.swift in Sources */,
				CE37D047240EB4BC00D85D49 /* AppDelegate.swift in Sources */,
				CE37D049240EB4BC00D85D49 /* SceneDelegate.swift in Sources */,
				CEF81B63240FA6D500235CFE /* Auth.swift in Sources */,
			);
			runOnlyForDeploymentPostprocessing = 0;
		};
/* End PBXSourcesBuildPhase section */

/* Begin PBXVariantGroup section */
		CE37D04C240EB4BC00D85D49 /* Main.storyboard */ = {
			isa = PBXVariantGroup;
			children = (
				CE37D04D240EB4BC00D85D49 /* Base */,
			);
			name = Main.storyboard;
			sourceTree = "<group>";
		};
		CE37D051240EB4BF00D85D49 /* LaunchScreen.storyboard */ = {
			isa = PBXVariantGroup;
			children = (
				CE37D052240EB4BF00D85D49 /* Base */,
			);
			name = LaunchScreen.storyboard;
			sourceTree = "<group>";
		};
/* End PBXVariantGroup section */

/* Begin XCBuildConfiguration section */
		CE37D055240EB4BF00D85D49 /* Debug */ = {
			isa = XCBuildConfiguration;
			buildSettings = {
				ALWAYS_SEARCH_USER_PATHS = NO;
				CLANG_ANALYZER_NONNULL = YES;
				CLANG_ANALYZER_NUMBER_OBJECT_CONVERSION = YES_AGGRESSIVE;
				CLANG_CXX_LANGUAGE_STANDARD = "gnu++14";
				CLANG_CXX_LIBRARY = "libc++";
				CLANG_ENABLE_MODULES = YES;
				CLANG_ENABLE_OBJC_ARC = YES;
				CLANG_ENABLE_OBJC_WEAK = YES;
				CLANG_WARN_BLOCK_CAPTURE_AUTORELEASING = YES;
				CLANG_WARN_BOOL_CONVERSION = YES;
				CLANG_WARN_COMMA = YES;
				CLANG_WARN_CONSTANT_CONVERSION = YES;
				CLANG_WARN_DEPRECATED_OBJC_IMPLEMENTATIONS = YES;
				CLANG_WARN_DIRECT_OBJC_ISA_USAGE = YES_ERROR;
				CLANG_WARN_DOCUMENTATION_COMMENTS = YES;
				CLANG_WARN_EMPTY_BODY = YES;
				CLANG_WARN_ENUM_CONVERSION = YES;
				CLANG_WARN_INFINITE_RECURSION = YES;
				CLANG_WARN_INT_CONVERSION = YES;
				CLANG_WARN_NON_LITERAL_NULL_CONVERSION = YES;
				CLANG_WARN_OBJC_IMPLICIT_RETAIN_SELF = YES;
				CLANG_WARN_OBJC_LITERAL_CONVERSION = YES;
				CLANG_WARN_OBJC_ROOT_CLASS = YES_ERROR;
				CLANG_WARN_RANGE_LOOP_ANALYSIS = YES;
				CLANG_WARN_STRICT_PROTOTYPES = YES;
				CLANG_WARN_SUSPICIOUS_MOVE = YES;
				CLANG_WARN_UNGUARDED_AVAILABILITY = YES_AGGRESSIVE;
				CLANG_WARN_UNREACHABLE_CODE = YES;
				CLANG_WARN__DUPLICATE_METHOD_MATCH = YES;
				COPY_PHASE_STRIP = NO;
				DEBUG_INFORMATION_FORMAT = dwarf;
				ENABLE_STRICT_OBJC_MSGSEND = YES;
				ENABLE_TESTABILITY = YES;
				GCC_C_LANGUAGE_STANDARD = gnu11;
				GCC_DYNAMIC_NO_PIC = NO;
				GCC_NO_COMMON_BLOCKS = YES;
				GCC_OPTIMIZATION_LEVEL = 0;
				GCC_PREPROCESSOR_DEFINITIONS = (
					"DEBUG=1",
					"$(inherited)",
				);
				GCC_WARN_64_TO_32_BIT_CONVERSION = YES;
				GCC_WARN_ABOUT_RETURN_TYPE = YES_ERROR;
				GCC_WARN_UNDECLARED_SELECTOR = YES;
				GCC_WARN_UNINITIALIZED_AUTOS = YES_AGGRESSIVE;
				GCC_WARN_UNUSED_FUNCTION = YES;
				GCC_WARN_UNUSED_VARIABLE = YES;
				IPHONEOS_DEPLOYMENT_TARGET = 13.2;
				MTL_ENABLE_DEBUG_INFO = INCLUDE_SOURCE;
				MTL_FAST_MATH = YES;
				ONLY_ACTIVE_ARCH = YES;
				SDKROOT = iphoneos;
				SWIFT_ACTIVE_COMPILATION_CONDITIONS = DEBUG;
				SWIFT_OPTIMIZATION_LEVEL = "-Onone";
			};
			name = Debug;
		};
		CE37D056240EB4BF00D85D49 /* Release */ = {
			isa = XCBuildConfiguration;
			buildSettings = {
				ALWAYS_SEARCH_USER_PATHS = NO;
				CLANG_ANALYZER_NONNULL = YES;
				CLANG_ANALYZER_NUMBER_OBJECT_CONVERSION = YES_AGGRESSIVE;
				CLANG_CXX_LANGUAGE_STANDARD = "gnu++14";
				CLANG_CXX_LIBRARY = "libc++";
				CLANG_ENABLE_MODULES = YES;
				CLANG_ENABLE_OBJC_ARC = YES;
				CLANG_ENABLE_OBJC_WEAK = YES;
				CLANG_WARN_BLOCK_CAPTURE_AUTORELEASING = YES;
				CLANG_WARN_BOOL_CONVERSION = YES;
				CLANG_WARN_COMMA = YES;
				CLANG_WARN_CONSTANT_CONVERSION = YES;
				CLANG_WARN_DEPRECATED_OBJC_IMPLEMENTATIONS = YES;
				CLANG_WARN_DIRECT_OBJC_ISA_USAGE = YES_ERROR;
				CLANG_WARN_DOCUMENTATION_COMMENTS = YES;
				CLANG_WARN_EMPTY_BODY = YES;
				CLANG_WARN_ENUM_CONVERSION = YES;
				CLANG_WARN_INFINITE_RECURSION = YES;
				CLANG_WARN_INT_CONVERSION = YES;
				CLANG_WARN_NON_LITERAL_NULL_CONVERSION = YES;
				CLANG_WARN_OBJC_IMPLICIT_RETAIN_SELF = YES;
				CLANG_WARN_OBJC_LITERAL_CONVERSION = YES;
				CLANG_WARN_OBJC_ROOT_CLASS = YES_ERROR;
				CLANG_WARN_RANGE_LOOP_ANALYSIS = YES;
				CLANG_WARN_STRICT_PROTOTYPES = YES;
				CLANG_WARN_SUSPICIOUS_MOVE = YES;
				CLANG_WARN_UNGUARDED_AVAILABILITY = YES_AGGRESSIVE;
				CLANG_WARN_UNREACHABLE_CODE = YES;
				CLANG_WARN__DUPLICATE_METHOD_MATCH = YES;
				COPY_PHASE_STRIP = NO;
				DEBUG_INFORMATION_FORMAT = "dwarf-with-dsym";
				ENABLE_NS_ASSERTIONS = NO;
				ENABLE_STRICT_OBJC_MSGSEND = YES;
				GCC_C_LANGUAGE_STANDARD = gnu11;
				GCC_NO_COMMON_BLOCKS = YES;
				GCC_WARN_64_TO_32_BIT_CONVERSION = YES;
				GCC_WARN_ABOUT_RETURN_TYPE = YES_ERROR;
				GCC_WARN_UNDECLARED_SELECTOR = YES;
				GCC_WARN_UNINITIALIZED_AUTOS = YES_AGGRESSIVE;
				GCC_WARN_UNUSED_FUNCTION = YES;
				GCC_WARN_UNUSED_VARIABLE = YES;
				IPHONEOS_DEPLOYMENT_TARGET = 13.2;
				MTL_ENABLE_DEBUG_INFO = NO;
				MTL_FAST_MATH = YES;
				SDKROOT = iphoneos;
				SWIFT_COMPILATION_MODE = wholemodule;
				SWIFT_OPTIMIZATION_LEVEL = "-O";
				VALIDATE_PRODUCT = YES;
			};
			name = Release;
		};
		CE37D058240EB4BF00D85D49 /* Debug */ = {
			isa = XCBuildConfiguration;
			baseConfigurationReference = CA35493D619D411DE5753510 /* Pods-Magic Place Search.debug.xcconfig */;
			buildSettings = {
				ASSETCATALOG_COMPILER_APPICON_NAME = AppIcon;
				CODE_SIGN_STYLE = Automatic;
				DEVELOPMENT_TEAM = DN4729AK8V;
				INFOPLIST_FILE = "Magic Place Search/Info.plist";
				LD_RUNPATH_SEARCH_PATHS = (
					"$(inherited)",
					"@executable_path/Frameworks",
				);
				PRODUCT_BUNDLE_IDENTIFIER = "com.seanwilliams.Magic-Place-Search";
				PRODUCT_NAME = "$(TARGET_NAME)";
				SWIFT_VERSION = 5.0;
				TARGETED_DEVICE_FAMILY = "1,2";
			};
			name = Debug;
		};
		CE37D059240EB4BF00D85D49 /* Release */ = {
			isa = XCBuildConfiguration;
			baseConfigurationReference = 573615AEE478E18B0622B9CA /* Pods-Magic Place Search.release.xcconfig */;
			buildSettings = {
				ASSETCATALOG_COMPILER_APPICON_NAME = AppIcon;
				CODE_SIGN_STYLE = Automatic;
				DEVELOPMENT_TEAM = DN4729AK8V;
				INFOPLIST_FILE = "Magic Place Search/Info.plist";
				LD_RUNPATH_SEARCH_PATHS = (
					"$(inherited)",
					"@executable_path/Frameworks",
				);
				PRODUCT_BUNDLE_IDENTIFIER = "com.seanwilliams.Magic-Place-Search";
				PRODUCT_NAME = "$(TARGET_NAME)";
				SWIFT_VERSION = 5.0;
				TARGETED_DEVICE_FAMILY = "1,2";
			};
			name = Release;
		};
/* End XCBuildConfiguration section */

/* Begin XCConfigurationList section */
		CE37D03E240EB4BC00D85D49 /* Build configuration list for PBXProject "Magic Place Search" */ = {
			isa = XCConfigurationList;
			buildConfigurations = (
				CE37D055240EB4BF00D85D49 /* Debug */,
				CE37D056240EB4BF00D85D49 /* Release */,
			);
			defaultConfigurationIsVisible = 0;
			defaultConfigurationName = Release;
		};
		CE37D057240EB4BF00D85D49 /* Build configuration list for PBXNativeTarget "Magic Place Search" */ = {
			isa = XCConfigurationList;
			buildConfigurations = (
				CE37D058240EB4BF00D85D49 /* Debug */,
				CE37D059240EB4BF00D85D49 /* Release */,
			);
			defaultConfigurationIsVisible = 0;
			defaultConfigurationName = Release;
		};
/* End XCConfigurationList section */
	};
	rootObject = CE37D03B240EB4BC00D85D49 /* Project object */;
}
